<?xml version="1.0" encoding="utf-8"?>
<Project ToolsVersion="4.0" xmlns="http://schemas.microsoft.com/developer/msbuild/2003">
  <ItemGroup>
    <Filter Include="源文件">
      <UniqueIdentifier>{4FC737F1-C7A5-4376-A066-2A32D752A2FF}</UniqueIdentifier>
      <Extensions>cpp;c;cc;cxx;def;odl;idl;hpj;bat;asm;asmx</Extensions>
    </Filter>
    <Filter Include="头文件">
      <UniqueIdentifier>{93995380-89BD-4b04-88EB-625FBE52EBFB}</UniqueIdentifier>
      <Extensions>h;hpp;hxx;hm;inl;inc;xsd</Extensions>
    </Filter>
    <Filter Include="资源文件">
      <UniqueIdentifier>{67DA6AB6-F800-4c08-8B7A-83BB121AAD01}</UniqueIdentifier>
      <Extensions>rc;ico;cur;bmp;dlg;rc2;rct;bin;rgs;gif;jpg;jpeg;jpe;resx;tiff;tif;png;wav;mfcribbon-ms</Extensions>
    </Filter>
    <Filter Include="shaders">
      <UniqueIdentifier>{f0e326c5-84c0-4f31-931c-a218e8dc40dd}</UniqueIdentifier>
    </Filter>
  </ItemGroup>
  <ItemGroup>
    <ClInclude Include="src\RainDrops.h">
      <Filter>头文件</Filter>
    </ClInclude>
    <ClInclude Include="src\common.h">
      <Filter>头文件</Filter>
    </ClInclude>
    <ClInclude Include="src\CanvasWrapper.h">
      <Filter>头文件</Filter>
    </ClInclude>
    <ClInclude Include="src\util.h">
      <Filter>头文件</Filter>
    </ClInclude>
    <ClInclude Include="src\App.h">
      <Filter>头文件</Filter>
    </ClInclude>
    <ClInclude Include="src\Renderer.h">
      <Filter>头文件</Filter>
    </ClInclude>
    <ClInclude Include="src\GLTexture.h">
      <Filter>头文件</Filter>
    </ClInclude>
    <ClInclude Include="src\GLMesh.h">
      <Filter>头文件</Filter>
    </ClInclude>
    <ClInclude Include="src\Vec3.h">
      <Filter>头文件</Filter>
    </ClInclude>
    <ClInclude Include="src\Vec2.h">
      <Filter>头文件</Filter>
    </ClInclude>
    <ClInclude Include="src\VSShaderLib.h">
      <Filter>头文件</Filter>
    </ClInclude>
    <ClInclude Include="src\VSMathLib.h">
      <Filter>头文件</Filter>
    </ClInclude>
    <ClInclude Include="src\Material.h">
      <Filter>头文件</Filter>
    </ClInclude>
    <ClInclude Include="tiny_obj_loader\tiny_obj_loader.h">
      <Filter>头文件</Filter>
    </ClInclude>
    <ClInclude Include="src\Shader.h">
      <Filter>头文件</Filter>
    </ClInclude>
    <ClInclude Include="src\Vec4.h">
      <Filter>头文件</Filter>
    </ClInclude>
  </ItemGroup>
  <ItemGroup>
    <ClCompile Include="src\main.cpp">
      <Filter>源文件</Filter>
    </ClCompile>
    <ClCompile Include="src\RainDrops.cpp">
      <Filter>源文件</Filter>
    </ClCompile>
    <ClCompile Include="src\CanvasWrapper.cpp">
      <Filter>源文件</Filter>
    </ClCompile>
    <ClCompile Include="src\App.cpp">
      <Filter>源文件</Filter>
    </ClCompile>
    <ClCompile Include="src\Renderer.cpp">
      <Filter>源文件</Filter>
    </ClCompile>
    <ClCompile Include="src\GLTexture.cpp">
      <Filter>源文件</Filter>
    </ClCompile>
    <ClCompile Include="src\VSMathLib.cpp">
      <Filter>源文件</Filter>
    </ClCompile>
    <ClCompile Include="src\VSSahderLib.cpp">
      <Filter>源文件</Filter>
    </ClCompile>
    <ClCompile Include="src\GLMesh.cpp">
      <Filter>源文件</Filter>
    </ClCompile>
    <ClCompile Include="tiny_obj_loader\tiny_obj_loader.cc">
      <Filter>源文件</Filter>
    </ClCompile>
    <ClCompile Include="src\Shader.cpp">
      <Filter>源文件</Filter>
    </ClCompile>
  </ItemGroup>
  <ItemGroup>
    <None Include="shaders\blend_tex.frag.glsl">
      <Filter>shaders</Filter>
    </None>
    <None Include="shaders\copy_tex.frag.glsl">
      <Filter>shaders</Filter>
    </None>
    <None Include="shaders\copy_tex.vert.glsl">
      <Filter>shaders</Filter>
    </None>
    <None Include="shaders\draw_image.frag.glsl">
      <Filter>shaders</Filter>
    </None>
    <None Include="shaders\fill_circle.frag.glsl">
      <Filter>shaders</Filter>
    </None>
    <None Include="shaders\fill_rect.frag.glsl">
      <Filter>shaders</Filter>
    </None>
    <None Include="shaders\rain.frag.glsl">
      <Filter>shaders</Filter>
    </None>
    <None Include="shaders\show_tex.frag.glsl">
      <Filter>shaders</Filter>
    </None>
  </ItemGroup>
</Project>